// !$*UTF8*$!
{
	archiveVersion = 1;
	classes = {
	};
	objectVersion = 46;
	objects = {

/* Begin PBXBuildFile section */
		7E0053E41A83BFC80059F01A /* main.m in Sources */ = {isa = PBXBuildFile; fileRef = 7E0053E31A83BFC80059F01A /* main.m */; };
		7E0053E71A83BFC80059F01A /* AppDelegate.m in Sources */ = {isa = PBXBuildFile; fileRef = 7E0053E61A83BFC80059F01A /* AppDelegate.m */; };
		7E0053EA1A83BFC80059F01A /* PlaylistMasterViewController.m in Sources */ = {isa = PBXBuildFile; fileRef = 7E0053E91A83BFC80059F01A /* PlaylistMasterViewController.m */; };
		7E0053ED1A83BFC80059F01A /* Main.storyboard in Resources */ = {isa = PBXBuildFile; fileRef = 7E0053EB1A83BFC80059F01A /* Main.storyboard */; };
		7E0053EF1A83BFC80059F01A /* Images.xcassets in Resources */ = {isa = PBXBuildFile; fileRef = 7E0053EE1A83BFC80059F01A /* Images.xcassets */; };
		7E0053F21A83BFC80059F01A /* LaunchScreen.xib in Resources */ = {isa = PBXBuildFile; fileRef = 7E0053F01A83BFC80059F01A /* LaunchScreen.xib */; };
		7E0053FE1A83BFC80059F01A /* Algorythm2Tests.m in Sources */ = {isa = PBXBuildFile; fileRef = 7E0053FD1A83BFC80059F01A /* Algorythm2Tests.m */; };
		7E0054091A83C2990059F01A /* PlaylistDetailViewController.m in Sources */ = {isa = PBXBuildFile; fileRef = 7E0054081A83C2990059F01A /* PlaylistDetailViewController.m */; };
/* End PBXBuildFile section */

/* Begin PBXContainerItemProxy section */
		7E0053F81A83BFC80059F01A /* PBXContainerItemProxy */ = {
			isa = PBXContainerItemProxy;
			containerPortal = 7E0053D61A83BFC80059F01A /* Project object */;
			proxyType = 1;
			remoteGlobalIDString = 7E0053DD1A83BFC80059F01A;
			remoteInfo = Algorythm2;
		};
/* End PBXContainerItemProxy section */

/* Begin PBXFileReference section */
		7E0053DE1A83BFC80059F01A /* Algorythm2.app */ = {isa = PBXFileReference; explicitFileType = wrapper.application; includeInIndex = 0; path = Algorythm2.app; sourceTree = BUILT_PRODUCTS_DIR; };
		7E0053E21A83BFC80059F01A /* Info.plist */ = {isa = PBXFileReference; lastKnownFileType = text.plist.xml; path = Info.plist; sourceTree = "<group>"; };
		7E0053E31A83BFC80059F01A /* main.m */ = {isa = PBXFileReference; lastKnownFileType = sourcecode.c.objc; path = main.m; sourceTree = "<group>"; };
		7E0053E51A83BFC80059F01A /* AppDelegate.h */ = {isa = PBXFileReference; lastKnownFileType = sourcecode.c.h; path = AppDelegate.h; sourceTree = "<group>"; };
		7E0053E61A83BFC80059F01A /* AppDelegate.m */ = {isa = PBXFileReference; lastKnownFileType = sourcecode.c.objc; path = AppDelegate.m; sourceTree = "<group>"; };
		7E0053E81A83BFC80059F01A /* PlaylistMasterViewController.h */ = {isa = PBXFileReference; lastKnownFileType = sourcecode.c.h; path = PlaylistMasterViewController.h; sourceTree = "<group>"; };
		7E0053E91A83BFC80059F01A /* PlaylistMasterViewController.m */ = {isa = PBXFileReference; lastKnownFileType = sourcecode.c.objc; path = PlaylistMasterViewController.m; sourceTree = "<group>"; };
		7E0053EC1A83BFC80059F01A /* Base */ = {isa = PBXFileReference; lastKnownFileType = file.storyboard; name = Base; path = Base.lproj/Main.storyboard; sourceTree = "<group>"; };
		7E0053EE1A83BFC80059F01A /* Images.xcassets */ = {isa = PBXFileReference; lastKnownFileType = folder.assetcatalog; path = Images.xcassets; sourceTree = "<group>"; };
		7E0053F11A83BFC80059F01A /* Base */ = {isa = PBXFileReference; lastKnownFileType = file.xib; name = Base; path = Base.lproj/LaunchScreen.xib; sourceTree = "<group>"; };
		7E0053F71A83BFC80059F01A /* Algorythm2Tests.xctest */ = {isa = PBXFileReference; explicitFileType = wrapper.cfbundle; includeInIndex = 0; path = Algorythm2Tests.xctest; sourceTree = BUILT_PRODUCTS_DIR; };
		7E0053FC1A83BFC80059F01A /* Info.plist */ = {isa = PBXFileReference; lastKnownFileType = text.plist.xml; path = Info.plist; sourceTree = "<group>"; };
		7E0053FD1A83BFC80059F01A /* Algorythm2Tests.m */ = {isa = PBXFileReference; lastKnownFileType = sourcecode.c.objc; path = Algorythm2Tests.m; sourceTree = "<group>"; };
		7E0054071A83C2990059F01A /* PlaylistDetailViewController.h */ = {isa = PBXFileReference; fileEncoding = 4; lastKnownFileType = sourcecode.c.h; path = PlaylistDetailViewController.h; sourceTree = "<group>"; };
		7E0054081A83C2990059F01A /* PlaylistDetailViewController.m */ = {isa = PBXFileReference; fileEncoding = 4; lastKnownFileType = sourcecode.c.objc; path = PlaylistDetailViewController.m; sourceTree = "<group>"; };
/* End PBXFileReference section */

/* Begin PBXFrameworksBuildPhase section */
		7E0053DB1A83BFC80059F01A /* Frameworks */ = {
			isa = PBXFrameworksBuildPhase;
			buildActionMask = 2147483647;
			files = (
			);
			runOnlyForDeploymentPostprocessing = 0;
		};
		7E0053F41A83BFC80059F01A /* Frameworks */ = {
			isa = PBXFrameworksBuildPhase;
			buildActionMask = 2147483647;
			files = (
			);
			runOnlyForDeploymentPostprocessing = 0;
		};
/* End PBXFrameworksBuildPhase section */

/* Begin PBXGroup section */
		7E0053D51A83BFC80059F01A = {
			isa = PBXGroup;
			children = (
				7E0053E01A83BFC80059F01A /* Algorythm2 */,
				7E0053FA1A83BFC80059F01A /* Algorythm2Tests */,
				7E0053DF1A83BFC80059F01A /* Products */,
			);
			sourceTree = "<group>";
		};
		7E0053DF1A83BFC80059F01A /* Products */ = {
			isa = PBXGroup;
			children = (
				7E0053DE1A83BFC80059F01A /* Algorythm2.app */,
				7E0053F71A83BFC80059F01A /* Algorythm2Tests.xctest */,
			);
			name = Products;
			sourceTree = "<group>";
		};
		7E0053E01A83BFC80059F01A /* Algorythm2 */ = {
			isa = PBXGroup;
			children = (
				7E0053E51A83BFC80059F01A /* AppDelegate.h */,
				7E0053E61A83BFC80059F01A /* AppDelegate.m */,
				7E0053E81A83BFC80059F01A /* PlaylistMasterViewController.h */,
				7E0053E91A83BFC80059F01A /* PlaylistMasterViewController.m */,
				7E0053EB1A83BFC80059F01A /* Main.storyboard */,
				7E0054071A83C2990059F01A /* PlaylistDetailViewController.h */,
				7E0054081A83C2990059F01A /* PlaylistDetailViewController.m */,
				7E0053EE1A83BFC80059F01A /* Images.xcassets */,
				7E0053F01A83BFC80059F01A /* LaunchScreen.xib */,
				7E0053E11A83BFC80059F01A /* Supporting Files */,
			);
			path = Algorythm2;
			sourceTree = "<group>";
		};
		7E0053E11A83BFC80059F01A /* Supporting Files */ = {
			isa = PBXGroup;
			children = (
				7E0053E21A83BFC80059F01A /* Info.plist */,
				7E0053E31A83BFC80059F01A /* main.m */,
			);
			name = "Supporting Files";
			sourceTree = "<group>";
		};
		7E0053FA1A83BFC80059F01A /* Algorythm2Tests */ = {
			isa = PBXGroup;
			children = (
				7E0053FD1A83BFC80059F01A /* Algorythm2Tests.m */,
				7E0053FB1A83BFC80059F01A /* Supporting Files */,
			);
			path = Algorythm2Tests;
			sourceTree = "<group>";
		};
		7E0053FB1A83BFC80059F01A /* Supporting Files */ = {
			isa = PBXGroup;
			children = (
				7E0053FC1A83BFC80059F01A /* Info.plist */,
			);
			name = "Supporting Files";
			sourceTree = "<group>";
		};
/* End PBXGroup section */

/* Begin PBXNativeTarget section */
		7E0053DD1A83BFC80059F01A /* Algorythm2 */ = {
			isa = PBXNativeTarget;
			buildConfigurationList = 7E0054011A83BFC80059F01A /* Build configuration list for PBXNativeTarget "Algorythm2" */;
			buildPhases = (
				7E0053DA1A83BFC80059F01A /* Sources */,
				7E0053DB1A83BFC80059F01A /* Frameworks */,
				7E0053DC1A83BFC80059F01A /* Resources */,
			);
			buildRules = (
			);
			dependencies = (
			);
			name = Algorythm2;
			productName = Algorythm2;
			productReference = 7E0053DE1A83BFC80059F01A /* Algorythm2.app */;
			productType = "com.apple.product-type.application";
		};
		7E0053F61A83BFC80059F01A /* Algorythm2Tests */ = {
			isa = PBXNativeTarget;
			buildConfigurationList = 7E0054041A83BFC80059F01A /* Build configuration list for PBXNativeTarget "Algorythm2Tests" */;
			buildPhases = (
				7E0053F31A83BFC80059F01A /* Sources */,
				7E0053F41A83BFC80059F01A /* Frameworks */,
				7E0053F51A83BFC80059F01A /* Resources */,
			);
			buildRules = (
			);
			dependencies = (
				7E0053F91A83BFC80059F01A /* PBXTargetDependency */,
			);
			name = Algorythm2Tests;
			productName = Algorythm2Tests;
			productReference = 7E0053F71A83BFC80059F01A /* Algorythm2Tests.xctest */;
			productType = "com.apple.product-type.bundle.unit-test";
		};
/* End PBXNativeTarget section */

/* Begin PBXProject section */
		7E0053D61A83BFC80059F01A /* Project object */ = {
			isa = PBXProject;
			attributes = {
				LastUpgradeCheck = 0610;
				ORGANIZATIONNAME = Jencks;
				TargetAttributes = {
					7E0053DD1A83BFC80059F01A = {
						CreatedOnToolsVersion = 6.1.1;
					};
					7E0053F61A83BFC80059F01A = {
						CreatedOnToolsVersion = 6.1.1;
						TestTargetID = 7E0053DD1A83BFC80059F01A;
					};
				};
			};
			buildConfigurationList = 7E0053D91A83BFC80059F01A /* Build configuration list for PBXProject "Algorythm2" */;
			compatibilityVersion = "Xcode 3.2";
			developmentRegion = English;
			hasScannedForEncodings = 0;
			knownRegions = (
				en,
				Base,
			);
			mainGroup = 7E0053D51A83BFC80059F01A;
			productRefGroup = 7E0053DF1A83BFC80059F01A /* Products */;
			projectDirPath = "";
			projectRoot = "";
			targets = (
				7E0053DD1A83BFC80059F01A /* Algorythm2 */,
				7E0053F61A83BFC80059F01A /* Algorythm2Tests */,
			);
		};
/* End PBXProject section */

/* Begin PBXResourcesBuildPhase section */
		7E0053DC1A83BFC80059F01A /* Resources */ = {
			isa = PBXResourcesBuildPhase;
			buildActionMask = 2147483647;
			files = (
				7E0053ED1A83BFC80059F01A /* Main.storyboard in Resources */,
				7E0053F21A83BFC80059F01A /* LaunchScreen.xib in Resources */,
				7E0053EF1A83BFC80059F01A /* Images.xcassets in Resources */,
			);
			runOnlyForDeploymentPostprocessing = 0;
		};
		7E0053F51A83BFC80059F01A /* Resources */ = {
			isa = PBXResourcesBuildPhase;
			buildActionMask = 2147483647;
			files = (
			);
			runOnlyForDeploymentPostprocessing = 0;
		};
/* End PBXResourcesBuildPhase section */

/* Begin PBXSourcesBuildPhase section */
		7E0053DA1A83BFC80059F01A /* Sources */ = {
			isa = PBXSourcesBuildPhase;
			buildActionMask = 2147483647;
			files = (
				7E0053EA1A83BFC80059F01A /* PlaylistMasterViewController.m in Sources */,
				7E0054091A83C2990059F01A /* PlaylistDetailViewController.m in Sources */,
				7E0053E71A83BFC80059F01A /* AppDelegate.m in Sources */,
				7E0053E41A83BFC80059F01A /* main.m in Sources */,
			);
			runOnlyForDeploymentPostprocessing = 0;
		};
		7E0053F31A83BFC80059F01A /* Sources */ = {
			isa = PBXSourcesBuildPhase;
			buildActionMask = 2147483647;
			files = (
				7E0053FE1A83BFC80059F01A /* Algorythm2Tests.m in Sources */,
			);
			runOnlyForDeploymentPostprocessing = 0;
		};
/* End PBXSourcesBuildPhase section */

/* Begin PBXTargetDependency section */
		7E0053F91A83BFC80059F01A /* PBXTargetDependency */ = {
			isa = PBXTargetDependency;
			target = 7E0053DD1A83BFC80059F01A /* Algorythm2 */;
			targetProxy = 7E0053F81A83BFC80059F01A /* PBXContainerItemProxy */;
		};
/* End PBXTargetDependency section */

/* Begin PBXVariantGroup section */
		7E0053EB1A83BFC80059F01A /* Main.storyboard */ = {
			isa = PBXVariantGroup;
			children = (
				7E0053EC1A83BFC80059F01A /* Base */,
			);
			name = Main.storyboard;
			sourceTree = "<group>";
		};
		7E0053F01A83BFC80059F01A /* LaunchScreen.xib */ = {
			isa = PBXVariantGroup;
			children = (
				7E0053F11A83BFC80059F01A /* Base */,
			);
			name = LaunchScreen.xib;
			sourceTree = "<group>";
		};
/* End PBXVariantGroup section */

/* Begin XCBuildConfiguration section */
		7E0053FF1A83BFC80059F01A /* Debug */ = {
			isa = XCBuildConfiguration;
			buildSettings = {
				ALWAYS_SEARCH_USER_PATHS = NO;
				CLANG_CXX_LANGUAGE_STANDARD = "gnu++0x";
				CLANG_CXX_LIBRARY = "libc++";
				CLANG_ENABLE_MODULES = YES;
				CLANG_ENABLE_OBJC_ARC = YES;
				CLANG_WARN_BOOL_CONVERSION = YES;
				CLANG_WARN_CONSTANT_CONVERSION = YES;
				CLANG_WARN_DIRECT_OBJC_ISA_USAGE = YES_ERROR;
				CLANG_WARN_EMPTY_BODY = YES;
				CLANG_WARN_ENUM_CONVERSION = YES;
				CLANG_WARN_INT_CONVERSION = YES;
				CLANG_WARN_OBJC_ROOT_CLASS = YES_ERROR;
				CLANG_WARN_UNREACHABLE_CODE = YES;
				CLANG_WARN__DUPLICATE_METHOD_MATCH = YES;
				"CODE_SIGN_IDENTITY[sdk=iphoneos*]" = "iPhone Developer";
				COPY_PHASE_STRIP = NO;
				ENABLE_STRICT_OBJC_MSGSEND = YES;
				GCC_C_LANGUAGE_STANDARD = gnu99;
				GCC_DYNAMIC_NO_PIC = NO;
				GCC_OPTIMIZATION_LEVEL = 0;
				GCC_PREPROCESSOR_DEFINITIONS = (
					"DEBUG=1",
					"$(inherited)",
				);
				GCC_SYMBOLS_PRIVATE_EXTERN = NO;
				GCC_WARN_64_TO_32_BIT_CONVERSION = YES;
				GCC_WARN_ABOUT_RETURN_TYPE = YES_ERROR;
				GCC_WARN_UNDECLARED_SELECTOR = YES;
				GCC_WARN_UNINITIALIZED_AUTOS = YES_AGGRESSIVE;
				GCC_WARN_UNUSED_FUNCTION = YES;
				GCC_WARN_UNUSED_VARIABLE = YES;
				IPHONEOS_DEPLOYMENT_TARGET = 8.1;
				MTL_ENABLE_DEBUG_INFO = YES;
				ONLY_ACTIVE_ARCH = YES;
				SDKROOT = iphoneos;
			};
			name = Debug;
		};
		7E0054001A83BFC80059F01A /* Release */ = {
			isa = XCBuildConfiguration;
			buildSettings = {
				ALWAYS_SEARCH_USER_PATHS = NO;
				CLANG_CXX_LANGUAGE_STANDARD = "gnu++0x";
				CLANG_CXX_LIBRARY = "libc++";
				CLANG_ENABLE_MODULES = YES;
				CLANG_ENABLE_OBJC_ARC = YES;
				CLANG_WARN_BOOL_CONVERSION = YES;
				CLANG_WARN_CONSTANT_CONVERSION = YES;
				CLANG_WARN_DIRECT_OBJC_ISA_USAGE = YES_ERROR;
				CLANG_WARN_EMPTY_BODY = YES;
				CLANG_WARN_ENUM_CONVERSION = YES;
				CLANG_WARN_INT_CONVERSION = YES;
				CLANG_WARN_OBJC_ROOT_CLASS = YES_ERROR;
				CLANG_WARN_UNREACHABLE_CODE = YES;
				CLANG_WARN__DUPLICATE_METHOD_MATCH = YES;
				"CODE_SIGN_IDENTITY[sdk=iphoneos*]" = "iPhone Developer";
				COPY_PHASE_STRIP = YES;
				ENABLE_NS_ASSERTIONS = NO;
				ENABLE_STRICT_OBJC_MSGSEND = YES;
				GCC_C_LANGUAGE_STANDARD = gnu99;
				GCC_WARN_64_TO_32_BIT_CONVERSION = YES;
				GCC_WARN_ABOUT_RETURN_TYPE = YES_ERROR;
				GCC_WARN_UNDECLARED_SELECTOR = YES;
				GCC_WARN_UNINITIALIZED_AUTOS = YES_AGGRESSIVE;
				GCC_WARN_UNUSED_FUNCTION = YES;
				GCC_WARN_UNUSED_VARIABLE = YES;
				IPHONEOS_DEPLOYMENT_TARGET = 8.1;
				MTL_ENABLE_DEBUG_INFO = NO;
				SDKROOT = iphoneos;
				VALIDATE_PRODUCT = YES;
			};
			name = Release;
		};
		7E0054021A83BFC80059F01A /* Debug */ = {
			isa = XCBuildConfiguration;
			buildSettings = {
				ASSETCATALOG_COMPILER_APPICON_NAME = AppIcon;
				INFOPLIST_FILE = Algorythm2/Info.plist;
				LD_RUNPATH_SEARCH_PATHS = "$(inherited) @executable_path/Frameworks";
				PRODUCT_NAME = "$(TARGET_NAME)";
			};
			name = Debug;
		};
		7E0054031A83BFC80059F01A /* Release */ = {
			isa = XCBuildConfiguration;
			buildSettings = {
				ASSETCATALOG_COMPILER_APPICON_NAME = AppIcon;
				INFOPLIST_FILE = Algorythm2/Info.plist;
				LD_RUNPATH_SEARCH_PATHS = "$(inherited) @executable_path/Frameworks";
				PRODUCT_NAME = "$(TARGET_NAME)";
			};
			name = Release;
		};
		7E0054051A83BFC80059F01A /* Debug */ = {
			isa = XCBuildConfiguration;
			buildSettings = {
				BUNDLE_LOADER = "$(TEST_HOST)";
				FRAMEWORK_SEARCH_PATHS = (
					"$(SDKROOT)/Developer/Library/Frameworks",
					"$(inherited)",
				);
				GCC_PREPROCESSOR_DEFINITIONS = (
					"DEBUG=1",
					"$(inherited)",
				);
				INFOPLIST_FILE = Algorythm2Tests/Info.plist;
				LD_RUNPATH_SEARCH_PATHS = "$(inherited) @executable_path/Frameworks @loader_path/Frameworks";
				PRODUCT_NAME = "$(TARGET_NAME)";
				TEST_HOST = "$(BUILT_PRODUCTS_DIR)/Algorythm2.app/Algorythm2";
			};
			name = Debug;
		};
		7E0054061A83BFC80059F01A /* Release */ = {
			isa = XCBuildConfiguration;
			buildSettings = {
				BUNDLE_LOADER = "$(TEST_HOST)";
				FRAMEWORK_SEARCH_PATHS = (
					"$(SDKROOT)/Developer/Library/Frameworks",
					"$(inherited)",
				);
				INFOPLIST_FILE = Algorythm2Tests/Info.plist;
				LD_RUNPATH_SEARCH_PATHS = "$(inherited) @executable_path/Frameworks @loader_path/Frameworks";
				PRODUCT_NAME = "$(TARGET_NAME)";
				TEST_HOST = "$(BUILT_PRODUCTS_DIR)/Algorythm2.app/Algorythm2";
			};
			name = Release;
		};
/* End XCBuildConfiguration section */

/* Begin XCConfigurationList section */
		7E0053D91A83BFC80059F01A /* Build configuration list for PBXProject "Algorythm2" */ = {
			isa = XCConfigurationList;
			buildConfigurations = (
				7E0053FF1A83BFC80059F01A /* Debug */,
				7E0054001A83BFC80059F01A /* Release */,
			);
			defaultConfigurationIsVisible = 0;
			defaultConfigurationName = Release;
		};
		7E0054011A83BFC80059F01A /* Build configuration list for PBXNativeTarget "Algorythm2" */ = {
			isa = XCConfigurationList;
			buildConfigurations = (
				7E0054021A83BFC80059F01A /* Debug */,
				7E0054031A83BFC80059F01A /* Release */,
			);
			defaultConfigurationIsVisible = 0;
		};
		7E0054041A83BFC80059F01A /* Build configuration list for PBXNativeTarget "Algorythm2Tests" */ = {
			isa = XCConfigurationList;
			buildConfigurations = (
				7E0054051A83BFC80059F01A /* Debug */,
				7E0054061A83BFC80059F01A /* Release */,
			);
			defaultConfigurationIsVisible = 0;
		};
/* End XCConfigurationList section */
	};
	rootObject = 7E0053D61A83BFC80059F01A /* Project object */;
}
